
Microsoft Visual Studio Solution File, Format Version 12.00
# Visual Studio Version 17
VisualStudioVersion = 17.5.002.0
MinimumVisualStudioVersion = 10.0.40219.1
Project("{9A19103F-16F7-4668-BE54-9A1E7A4F7556}") = "Filas", "Filas.csproj", "{320CB722-3F31-49DF-BC4A-F0E6A5019637}"
EndProject
Global
	GlobalSection(SolutionConfigurationPlatforms) = preSolution
		Debug|Any CPU = Debug|Any CPU
		Release|Any CPU = Release|Any CPU
	EndGlobalSection
	GlobalSection(ProjectConfigurationPlatforms) = postSolution
		{320CB722-3F31-49DF-BC4A-F0E6A5019637}.Debug|Any CPU.ActiveCfg = Debug|Any CPU
		{320CB722-3F31-49DF-BC4A-F0E6A5019637}.Debug|Any CPU.Build.0 = Debug|Any CPU
		{320CB722-3F31-49DF-BC4A-F0E6A5019637}.Release|Any CPU.ActiveCfg = Release|Any CPU
		{320CB722-3F31-49DF-BC4A-F0E6A5019637}.Release|Any CPU.Build.0 = Release|Any CPU
	EndGlobalSection
	GlobalSection(SolutionProperties) = preSolution
		HideSolutionNode = FALSE
	EndGlobalSection
	GlobalSection(ExtensibilityGlobals) = postSolution
		SolutionGuid = {CD5CB0B2-00BE-4D05-B929-59D5F2CE51ED}
	EndGlobalSection
EndGlobal
